
Microsoft Visual Studio Solution File, Format Version 12.00
# Visual Studio Version 16
VisualStudioVersion = 16.0.28803.202
MinimumVisualStudioVersion = 10.0.40219.1
Project("{FAE04EC0-301F-11D3-BF4B-00C04F79EFBC}") = "MasterDetailDemo.Android", "MasterDetailDemo\MasterDetailDemo.Android\MasterDetailDemo.Android.csproj", "{F1327137-F641-4080-BE74-95BD9D28BD2B}"
EndProject
Project("{9A19103F-16F7-4668-BE54-9A1E7A4F7556}") = "MasterDetailDemo", "MasterDetailDemo\MasterDetailDemo\MasterDetailDemo.csproj", "{06C69A4A-0949-4B7E-9E83-6A93EA52AC4D}"
EndProject
Global
	GlobalSection(SolutionConfigurationPlatforms) = preSolution
		Ad-Hoc|Any CPU = Ad-Hoc|Any CPU
		Ad-Hoc|iPhone = Ad-Hoc|iPhone
		Ad-Hoc|iPhoneSimulator = Ad-Hoc|iPhoneSimulator
		AppStore|Any CPU = AppStore|Any CPU
		AppStore|iPhone = AppStore|iPhone
		AppStore|iPhoneSimulator = AppStore|iPhoneSimulator
		Debug|Any CPU = Debug|Any CPU
		Debug|iPhone = Debug|iPhone
		Debug|iPhoneSimulator = Debug|iPhoneSimulator
		Release|Any CPU = Release|Any CPU
		Release|iPhone = Release|iPhone
		Release|iPhoneSimulator = Release|iPhoneSimulator
	EndGlobalSection
	GlobalSection(ProjectConfigurationPlatforms) = postSolution
		{F1327137-F641-4080-BE74-95BD9D28BD2B}.Ad-Hoc|Any CPU.ActiveCfg = Release|Any CPU
		{F1327137-F641-4080-BE74-95BD9D28BD2B}.Ad-Hoc|Any CPU.Build.0 = Release|Any CPU
		{F1327137-F641-4080-BE74-95BD9D28BD2B}.Ad-Hoc|Any CPU.Deploy.0 = Release|Any CPU
		{F1327137-F641-4080-BE74-95BD9D28BD2B}.Ad-Hoc|iPhone.ActiveCfg = Release|Any CPU
		{F1327137-F641-4080-BE74-95BD9D28BD2B}.Ad-Hoc|iPhone.Build.0 = Release|Any CPU
		{F1327137-F641-4080-BE74-95BD9D28BD2B}.Ad-Hoc|iPhone.Deploy.0 = Release|Any CPU
		{F1327137-F641-4080-BE74-95BD9D28BD2B}.Ad-Hoc|iPhoneSimulator.ActiveCfg = Release|Any CPU
		{F1327137-F641-4080-BE74-95BD9D28BD2B}.Ad-Hoc|iPhoneSimulator.Build.0 = Release|Any CPU
		{F1327137-F641-4080-BE74-95BD9D28BD2B}.Ad-Hoc|iPhoneSimulator.Deploy.0 = Release|Any CPU
		{F1327137-F641-4080-BE74-95BD9D28BD2B}.AppStore|Any CPU.ActiveCfg = Release|Any CPU
		{F1327137-F641-4080-BE74-95BD9D28BD2B}.AppStore|Any CPU.Build.0 = Release|Any CPU
		{F1327137-F641-4080-BE74-95BD9D28BD2B}.AppStore|Any CPU.Deploy.0 = Release|Any CPU
		{F1327137-F641-4080-BE74-95BD9D28BD2B}.AppStore|iPhone.ActiveCfg = Release|Any CPU
		{F1327137-F641-4080-BE74-95BD9D28BD2B}.AppStore|iPhone.Build.0 = Release|Any CPU
		{F1327137-F641-4080-BE74-95BD9D28BD2B}.AppStore|iPhone.Deploy.0 = Release|Any CPU
		{F1327137-F641-4080-BE74-95BD9D28BD2B}.AppStore|iPhoneSimulator.ActiveCfg = Release|Any CPU
		{F1327137-F641-4080-BE74-95BD9D28BD2B}.AppStore|iPhoneSimulator.Build.0 = Release|Any CPU
		{F1327137-F641-4080-BE74-95BD9D28BD2B}.AppStore|iPhoneSimulator.Deploy.0 = Release|Any CPU
		{F1327137-F641-4080-BE74-95BD9D28BD2B}.Debug|Any CPU.ActiveCfg = Debug|Any CPU
		{F1327137-F641-4080-BE74-95BD9D28BD2B}.Debug|Any CPU.Build.0 = Debug|Any CPU
		{F1327137-F641-4080-BE74-95BD9D28BD2B}.Debug|Any CPU.Deploy.0 = Debug|Any CPU
		{F1327137-F641-4080-BE74-95BD9D28BD2B}.Debug|iPhone.ActiveCfg = Debug|Any CPU
		{F1327137-F641-4080-BE74-95BD9D28BD2B}.Debug|iPhone.Build.0 = Debug|Any CPU
		{F1327137-F641-4080-BE74-95BD9D28BD2B}.Debug|iPhone.Deploy.0 = Debug|Any CPU
		{F1327137-F641-4080-BE74-95BD9D28BD2B}.Debug|iPhoneSimulator.ActiveCfg = Debug|Any CPU
		{F1327137-F641-4080-BE74-95BD9D28BD2B}.Debug|iPhoneSimulator.Build.0 = Debug|Any CPU
		{F1327137-F641-4080-BE74-95BD9D28BD2B}.Debug|iPhoneSimulator.Deploy.0 = Debug|Any CPU
		{F1327137-F641-4080-BE74-95BD9D28BD2B}.Release|Any CPU.ActiveCfg = Release|Any CPU
		{F1327137-F641-4080-BE74-95BD9D28BD2B}.Release|Any CPU.Build.0 = Release|Any CPU
		{F1327137-F641-4080-BE74-95BD9D28BD2B}.Release|Any CPU.Deploy.0 = Release|Any CPU
		{F1327137-F641-4080-BE74-95BD9D28BD2B}.Release|iPhone.ActiveCfg = Release|Any CPU
		{F1327137-F641-4080-BE74-95BD9D28BD2B}.Release|iPhone.Build.0 = Release|Any CPU
		{F1327137-F641-4080-BE74-95BD9D28BD2B}.Release|iPhone.Deploy.0 = Release|Any CPU
		{F1327137-F641-4080-BE74-95BD9D28BD2B}.Release|iPhoneSimulator.ActiveCfg = Release|Any CPU
		{F1327137-F641-4080-BE74-95BD9D28BD2B}.Release|iPhoneSimulator.Build.0 = Release|Any CPU
		{F1327137-F641-4080-BE74-95BD9D28BD2B}.Release|iPhoneSimulator.Deploy.0 = Release|Any CPU
		{06C69A4A-0949-4B7E-9E83-6A93EA52AC4D}.Ad-Hoc|Any CPU.ActiveCfg = Release|Any CPU
		{06C69A4A-0949-4B7E-9E83-6A93EA52AC4D}.Ad-Hoc|Any CPU.Build.0 = Release|Any CPU
		{06C69A4A-0949-4B7E-9E83-6A93EA52AC4D}.Ad-Hoc|iPhone.ActiveCfg = Release|Any CPU
		{06C69A4A-0949-4B7E-9E83-6A93EA52AC4D}.Ad-Hoc|iPhone.Build.0 = Release|Any CPU
		{06C69A4A-0949-4B7E-9E83-6A93EA52AC4D}.Ad-Hoc|iPhoneSimulator.ActiveCfg = Release|Any CPU
		{06C69A4A-0949-4B7E-9E83-6A93EA52AC4D}.Ad-Hoc|iPhoneSimulator.Build.0 = Release|Any CPU
		{06C69A4A-0949-4B7E-9E83-6A93EA52AC4D}.AppStore|Any CPU.ActiveCfg = Release|Any CPU
		{06C69A4A-0949-4B7E-9E83-6A93EA52AC4D}.AppStore|Any CPU.Build.0 = Release|Any CPU
		{06C69A4A-0949-4B7E-9E83-6A93EA52AC4D}.AppStore|iPhone.ActiveCfg = Release|Any CPU
		{06C69A4A-0949-4B7E-9E83-6A93EA52AC4D}.AppStore|iPhone.Build.0 = Release|Any CPU
		{06C69A4A-0949-4B7E-9E83-6A93EA52AC4D}.AppStore|iPhoneSimulator.ActiveCfg = Release|Any CPU
		{06C69A4A-0949-4B7E-9E83-6A93EA52AC4D}.AppStore|iPhoneSimulator.Build.0 = Release|Any CPU
		{06C69A4A-0949-4B7E-9E83-6A93EA52AC4D}.Debug|Any CPU.ActiveCfg = Debug|Any CPU
		{06C69A4A-0949-4B7E-9E83-6A93EA52AC4D}.Debug|Any CPU.Build.0 = Debug|Any CPU
		{06C69A4A-0949-4B7E-9E83-6A93EA52AC4D}.Debug|Any CPU.Deploy.0 = Debug|Any CPU
		{06C69A4A-0949-4B7E-9E83-6A93EA52AC4D}.Debug|iPhone.ActiveCfg = Debug|Any CPU
		{06C69A4A-0949-4B7E-9E83-6A93EA52AC4D}.Debug|iPhone.Build.0 = Debug|Any CPU
		{06C69A4A-0949-4B7E-9E83-6A93EA52AC4D}.Debug|iPhoneSimulator.ActiveCfg = Debug|Any CPU
		{06C69A4A-0949-4B7E-9E83-6A93EA52AC4D}.Debug|iPhoneSimulator.Build.0 = Debug|Any CPU
		{06C69A4A-0949-4B7E-9E83-6A93EA52AC4D}.Release|Any CPU.ActiveCfg = Release|Any CPU
		{06C69A4A-0949-4B7E-9E83-6A93EA52AC4D}.Release|Any CPU.Build.0 = Release|Any CPU
		{06C69A4A-0949-4B7E-9E83-6A93EA52AC4D}.Release|Any CPU.Deploy.0 = Release|Any CPU
		{06C69A4A-0949-4B7E-9E83-6A93EA52AC4D}.Release|iPhone.ActiveCfg = Release|Any CPU
		{06C69A4A-0949-4B7E-9E83-6A93EA52AC4D}.Release|iPhone.Build.0 = Release|Any CPU
		{06C69A4A-0949-4B7E-9E83-6A93EA52AC4D}.Release|iPhoneSimulator.ActiveCfg = Release|Any CPU
		{06C69A4A-0949-4B7E-9E83-6A93EA52AC4D}.Release|iPhoneSimulator.Build.0 = Release|Any CPU
	EndGlobalSection
	GlobalSection(SolutionProperties) = preSolution
		HideSolutionNode = FALSE
	EndGlobalSection
	GlobalSection(ExtensibilityGlobals) = postSolution
		SolutionGuid = {1BC3DD30-B7EF-4824-85DD-5CB92F3DEC33}
	EndGlobalSection
EndGlobal
